// !$*UTF8*$!
{
	archiveVersion = 1;
	classes = {
	};
	objectVersion = 45;
	objects = {

/* Begin PBXBuildFile section */
		256AC3DA0F4B6AC300CF3369 /* BOApplication.m in Sources */ = {isa = PBXBuildFile; fileRef = 256AC3D90F4B6AC300CF3369 /* BOApplication.m */; };
		8D11072D0486CEB800E47090 /* main.m in Sources */ = {isa = PBXBuildFile; fileRef = 29B97316FDCFA39411CA2CEA /* main.m */; settings = {ATTRIBUTES = (); }; };
		8D11072F0486CEB800E47090 /* Cocoa.framework in Frameworks */ = {isa = PBXBuildFile; fileRef = 1058C7A1FEA54F0111CA2CBB /* Cocoa.framework */; };
		B7155DA81234A25A00A00429 /* Moon.icns in Resources */ = {isa = PBXBuildFile; fileRef = B7D1D54A1226F53E00803D94 /* Moon.icns */; };
		B7155DB31234A33600A00429 /* MainMenu.xib in Resources */ = {isa = PBXBuildFile; fileRef = B7155DB11234A33600A00429 /* MainMenu.xib */; };
		B7155E2A1234A3BA00A00429 /* BOPreferencePane.m in Sources */ = {isa = PBXBuildFile; fileRef = B7155E291234A3BA00A00429 /* BOPreferencePane.m */; };
		B750C5C012277BE500A18696 /* LICENSE in Resources */ = {isa = PBXBuildFile; fileRef = B750C5BF12277BE500A18696 /* LICENSE */; };
		B75D74B11235578600AED14E /* Localizable.strings in Resources */ = {isa = PBXBuildFile; fileRef = B75D74AF1235578600AED14E /* Localizable.strings */; };
		B75D755C123559CF00AED14E /* Carbon.framework in Frameworks */ = {isa = PBXBuildFile; fileRef = B783BE6B123146EC005AA38B /* Carbon.framework */; };
		B783BE6C123146EC005AA38B /* Carbon.framework in Frameworks */ = {isa = PBXBuildFile; fileRef = B783BE6B123146EC005AA38B /* Carbon.framework */; };
		B783C07212316662005AA38B /* PreferencePanes.framework in Frameworks */ = {isa = PBXBuildFile; fileRef = B783C06A1231663D005AA38B /* PreferencePanes.framework */; };
		B783C0E6123166FE005AA38B /* MainMenu.xib in Resources */ = {isa = PBXBuildFile; fileRef = B783C0E4123166FE005AA38B /* MainMenu.xib */; };
		B783C0E91231670E005AA38B /* InfoPlist.strings in Resources */ = {isa = PBXBuildFile; fileRef = B783C0E71231670E005AA38B /* InfoPlist.strings */; };
		B783C0F112316788005AA38B /* Cocoa.framework in Frameworks */ = {isa = PBXBuildFile; fileRef = 1058C7A1FEA54F0111CA2CBB /* Cocoa.framework */; };
		B783C1E012316845005AA38B /* InfoPlist.strings in Resources */ = {isa = PBXBuildFile; fileRef = B783C1DF12316845005AA38B /* InfoPlist.strings */; };
		B783C1EE12316926005AA38B /* LICENSE in Resources */ = {isa = PBXBuildFile; fileRef = B750C5BF12277BE500A18696 /* LICENSE */; };
		B783C2001231695C005AA38B /* Blackout.app in Resources */ = {isa = PBXBuildFile; fileRef = 8D1107320486CEB800E47090 /* Blackout.app */; };
		B7D1D54B1226F53E00803D94 /* Moon.icns in Resources */ = {isa = PBXBuildFile; fileRef = B7D1D54A1226F53E00803D94 /* Moon.icns */; };
/* End PBXBuildFile section */

/* Begin PBXContainerItemProxy section */
		B783C0681231662A005AA38B /* PBXContainerItemProxy */ = {
			isa = PBXContainerItemProxy;
			containerPortal = 29B97313FDCFA39411CA2CEA /* Project object */;
			proxyType = 1;
			remoteGlobalIDString = 8D1107260486CEB800E47090;
			remoteInfo = "Blackout Helper";
		};
/* End PBXContainerItemProxy section */

/* Begin PBXFileReference section */
		1058C7A1FEA54F0111CA2CBB /* Cocoa.framework */ = {isa = PBXFileReference; lastKnownFileType = wrapper.framework; name = Cocoa.framework; path = /System/Library/Frameworks/Cocoa.framework; sourceTree = "<absolute>"; };
		13E42FB307B3F0F600E4EEF1 /* CoreData.framework */ = {isa = PBXFileReference; lastKnownFileType = wrapper.framework; name = CoreData.framework; path = /System/Library/Frameworks/CoreData.framework; sourceTree = "<absolute>"; };
		256AC3D80F4B6AC300CF3369 /* BOApplication.h */ = {isa = PBXFileReference; fileEncoding = 4; lastKnownFileType = sourcecode.c.h; name = BOApplication.h; path = Helper/Source/BOApplication.h; sourceTree = "<group>"; };
		256AC3D90F4B6AC300CF3369 /* BOApplication.m */ = {isa = PBXFileReference; fileEncoding = 4; lastKnownFileType = sourcecode.c.objc; name = BOApplication.m; path = Helper/Source/BOApplication.m; sourceTree = "<group>"; };
		256AC3F00F4B6AF500CF3369 /* Blackout.pch */ = {isa = PBXFileReference; fileEncoding = 4; lastKnownFileType = sourcecode.c.h; name = Blackout.pch; path = Helper/Source/Blackout.pch; sourceTree = "<group>"; };
		29B97316FDCFA39411CA2CEA /* main.m */ = {isa = PBXFileReference; fileEncoding = 4; lastKnownFileType = sourcecode.c.objc; name = main.m; path = Helper/Source/main.m; sourceTree = "<group>"; };
		29B97324FDCFA39411CA2CEA /* AppKit.framework */ = {isa = PBXFileReference; lastKnownFileType = wrapper.framework; name = AppKit.framework; path = /System/Library/Frameworks/AppKit.framework; sourceTree = "<absolute>"; };
		29B97325FDCFA39411CA2CEA /* Foundation.framework */ = {isa = PBXFileReference; lastKnownFileType = wrapper.framework; name = Foundation.framework; path = /System/Library/Frameworks/Foundation.framework; sourceTree = "<absolute>"; };
		8D1107310486CEB800E47090 /* Info.plist */ = {isa = PBXFileReference; fileEncoding = 4; lastKnownFileType = text.plist.xml; name = Info.plist; path = Helper/Resources/Info.plist; sourceTree = "<group>"; };
		8D1107320486CEB800E47090 /* Blackout.app */ = {isa = PBXFileReference; explicitFileType = wrapper.application; includeInIndex = 0; path = Blackout.app; sourceTree = BUILT_PRODUCTS_DIR; };
		B7155DB21234A33600A00429 /* English */ = {isa = PBXFileReference; lastKnownFileType = file.xib; name = English; path = Prefpane/Resources/English.lproj/MainMenu.xib; sourceTree = "<group>"; };
		B7155E281234A3BA00A00429 /* BOPreferencePane.h */ = {isa = PBXFileReference; fileEncoding = 4; lastKnownFileType = sourcecode.c.h; name = BOPreferencePane.h; path = Prefpane/Source/BOPreferencePane.h; sourceTree = "<group>"; };
		B7155E291234A3BA00A00429 /* BOPreferencePane.m */ = {isa = PBXFileReference; fileEncoding = 4; lastKnownFileType = sourcecode.c.objc; name = BOPreferencePane.m; path = Prefpane/Source/BOPreferencePane.m; sourceTree = "<group>"; };
		B750C5BF12277BE500A18696 /* LICENSE */ = {isa = PBXFileReference; fileEncoding = 4; lastKnownFileType = text; path = LICENSE; sourceTree = "<group>"; };
		B75D74B01235578600AED14E /* English */ = {isa = PBXFileReference; fileEncoding = 4; lastKnownFileType = text.plist.strings; name = English; path = Prefpane/Resources/English.lproj/Localizable.strings; sourceTree = "<group>"; };
		B783BE6B123146EC005AA38B /* Carbon.framework */ = {isa = PBXFileReference; lastKnownFileType = wrapper.framework; name = Carbon.framework; path = System/Library/Frameworks/Carbon.framework; sourceTree = SDKROOT; };
		B783C063123165BB005AA38B /* Blackout.prefPane */ = {isa = PBXFileReference; explicitFileType = wrapper.cfbundle; includeInIndex = 0; path = Blackout.prefPane; sourceTree = BUILT_PRODUCTS_DIR; };
		B783C064123165BB005AA38B /* Info.plist */ = {isa = PBXFileReference; lastKnownFileType = text.plist.xml; name = Info.plist; path = Prefpane/Resources/Info.plist; sourceTree = "<group>"; };
		B783C06A1231663D005AA38B /* PreferencePanes.framework */ = {isa = PBXFileReference; lastKnownFileType = wrapper.framework; name = PreferencePanes.framework; path = System/Library/Frameworks/PreferencePanes.framework; sourceTree = SDKROOT; };
		B783C0E5123166FE005AA38B /* English */ = {isa = PBXFileReference; lastKnownFileType = file.xib; name = English; path = Helper/Resources/English.lproj/MainMenu.xib; sourceTree = "<group>"; };
		B783C0E81231670E005AA38B /* English */ = {isa = PBXFileReference; fileEncoding = 4; lastKnownFileType = text.plist.strings; name = English; path = Helper/Resources/English.lproj/InfoPlist.strings; sourceTree = "<group>"; };
		B783C1DD12316841005AA38B /* English */ = {isa = PBXFileReference; fileEncoding = 4; lastKnownFileType = text.plist.strings; name = English; path = Prefpane/Resources/English.lproj/InfoPlist.strings; sourceTree = "<group>"; };
		B7D1D54A1226F53E00803D94 /* Moon.icns */ = {isa = PBXFileReference; lastKnownFileType = image.icns; name = Moon.icns; path = Helper/Resources/Moon.icns; sourceTree = "<group>"; };
/* End PBXFileReference section */

/* Begin PBXFrameworksBuildPhase section */
		8D11072E0486CEB800E47090 /* Frameworks */ = {
			isa = PBXFrameworksBuildPhase;
			buildActionMask = 2147483647;
			files = (
				8D11072F0486CEB800E47090 /* Cocoa.framework in Frameworks */,
				B783BE6C123146EC005AA38B /* Carbon.framework in Frameworks */,
			);
			runOnlyForDeploymentPostprocessing = 0;
		};
		B783C061123165BB005AA38B /* Frameworks */ = {
			isa = PBXFrameworksBuildPhase;
			buildActionMask = 2147483647;
			files = (
				B75D755C123559CF00AED14E /* Carbon.framework in Frameworks */,
				B783C0F112316788005AA38B /* Cocoa.framework in Frameworks */,
				B783C07212316662005AA38B /* PreferencePanes.framework in Frameworks */,
			);
			runOnlyForDeploymentPostprocessing = 0;
		};
/* End PBXFrameworksBuildPhase section */

/* Begin PBXGroup section */
		1058C7A2FEA54F0111CA2CBB /* Other Frameworks */ = {
			isa = PBXGroup;
			children = (
				29B97324FDCFA39411CA2CEA /* AppKit.framework */,
				13E42FB307B3F0F600E4EEF1 /* CoreData.framework */,
				29B97325FDCFA39411CA2CEA /* Foundation.framework */,
			);
			name = "Other Frameworks";
			sourceTree = "<group>";
		};
		19C28FACFE9D520D11CA2CBB /* Products */ = {
			isa = PBXGroup;
			children = (
				8D1107320486CEB800E47090 /* Blackout.app */,
				B783C063123165BB005AA38B /* Blackout.prefPane */,
			);
			name = Products;
			sourceTree = "<group>";
		};
		29B97314FDCFA39411CA2CEA /* Blackout */ = {
			isa = PBXGroup;
			children = (
				B783BFE012316436005AA38B /* Preference Pane */,
				B783BF6E123163EF005AA38B /* Helper */,
				B7155DA61234A23E00A00429 /* Core */,
				29B97323FDCFA39411CA2CEA /* Frameworks */,
				19C28FACFE9D520D11CA2CBB /* Products */,
			);
			name = Blackout;
			sourceTree = "<group>";
		};
		29B97315FDCFA39411CA2CEA /* Other Sources */ = {
			isa = PBXGroup;
			children = (
				256AC3F00F4B6AF500CF3369 /* Blackout.pch */,
				29B97316FDCFA39411CA2CEA /* main.m */,
			);
			name = "Other Sources";
			sourceTree = "<group>";
		};
		29B97317FDCFA39411CA2CEA /* Resources */ = {
			isa = PBXGroup;
			children = (
				8D1107310486CEB800E47090 /* Info.plist */,
				B783C0E71231670E005AA38B /* InfoPlist.strings */,
				B783C0E4123166FE005AA38B /* MainMenu.xib */,
				B750C5BF12277BE500A18696 /* LICENSE */,
			);
			name = Resources;
			sourceTree = "<group>";
		};
		29B97323FDCFA39411CA2CEA /* Frameworks */ = {
			isa = PBXGroup;
			children = (
				B783BE6B123146EC005AA38B /* Carbon.framework */,
				1058C7A1FEA54F0111CA2CBB /* Cocoa.framework */,
				B783C06A1231663D005AA38B /* PreferencePanes.framework */,
				1058C7A2FEA54F0111CA2CBB /* Other Frameworks */,
			);
			name = Frameworks;
			sourceTree = "<group>";
		};
		B7155DA61234A23E00A00429 /* Core */ = {
			isa = PBXGroup;
			children = (
				B7155DA71234A24800A00429 /* Resources */,
			);
			name = Core;
			sourceTree = "<group>";
		};
		B7155DA71234A24800A00429 /* Resources */ = {
			isa = PBXGroup;
			children = (
				B7D1D54A1226F53E00803D94 /* Moon.icns */,
			);
			name = Resources;
			sourceTree = "<group>";
		};
		B783BF6E123163EF005AA38B /* Helper */ = {
			isa = PBXGroup;
			children = (
				256AC3D80F4B6AC300CF3369 /* BOApplication.h */,
				256AC3D90F4B6AC300CF3369 /* BOApplication.m */,
				29B97315FDCFA39411CA2CEA /* Other Sources */,
				29B97317FDCFA39411CA2CEA /* Resources */,
			);
			name = Helper;
			sourceTree = "<group>";
		};
		B783BFE012316436005AA38B /* Preference Pane */ = {
			isa = PBXGroup;
			children = (
				B7155E281234A3BA00A00429 /* BOPreferencePane.h */,
				B7155E291234A3BA00A00429 /* BOPreferencePane.m */,
				B783C0EC1231674A005AA38B /* Resources */,
			);
			name = "Preference Pane";
			sourceTree = "<group>";
		};
		B783C0EC1231674A005AA38B /* Resources */ = {
			isa = PBXGroup;
			children = (
				B783C064123165BB005AA38B /* Info.plist */,
				B783C1DF12316845005AA38B /* InfoPlist.strings */,
				B7155DB11234A33600A00429 /* MainMenu.xib */,
				B75D74AF1235578600AED14E /* Localizable.strings */,
			);
			name = Resources;
			sourceTree = "<group>";
		};
/* End PBXGroup section */

/* Begin PBXNativeTarget section */
		8D1107260486CEB800E47090 /* Blackout Helper */ = {
			isa = PBXNativeTarget;
			buildConfigurationList = C01FCF4A08A954540054247B /* Build configuration list for PBXNativeTarget "Blackout Helper" */;
			buildPhases = (
				8D1107290486CEB800E47090 /* Resources */,
				8D11072C0486CEB800E47090 /* Sources */,
				8D11072E0486CEB800E47090 /* Frameworks */,
			);
			buildRules = (
			);
			dependencies = (
			);
			name = "Blackout Helper";
			productInstallPath = "$(HOME)/Applications";
			productName = Blackout;
			productReference = 8D1107320486CEB800E47090 /* Blackout.app */;
			productType = "com.apple.product-type.application";
		};
		B783C062123165BB005AA38B /* Blackout */ = {
			isa = PBXNativeTarget;
			buildConfigurationList = B783C067123165BB005AA38B /* Build configuration list for PBXNativeTarget "Blackout" */;
			buildPhases = (
				B783C05F123165BB005AA38B /* Resources */,
				B783C060123165BB005AA38B /* Sources */,
				B783C061123165BB005AA38B /* Frameworks */,
			);
			buildRules = (
			);
			dependencies = (
				B783C0691231662A005AA38B /* PBXTargetDependency */,
			);
			name = Blackout;
			productName = Blackout;
			productReference = B783C063123165BB005AA38B /* Blackout.prefPane */;
			productType = "com.apple.product-type.bundle";
		};
/* End PBXNativeTarget section */

/* Begin PBXProject section */
		29B97313FDCFA39411CA2CEA /* Project object */ = {
			isa = PBXProject;
			buildConfigurationList = C01FCF4E08A954540054247B /* Build configuration list for PBXProject "Blackout" */;
			compatibilityVersion = "Xcode 3.1";
			hasScannedForEncodings = 1;
			mainGroup = 29B97314FDCFA39411CA2CEA /* Blackout */;
			projectDirPath = "";
			projectRoot = "";
			targets = (
				B783C062123165BB005AA38B /* Blackout */,
				8D1107260486CEB800E47090 /* Blackout Helper */,
			);
		};
/* End PBXProject section */

/* Begin PBXResourcesBuildPhase section */
		8D1107290486CEB800E47090 /* Resources */ = {
			isa = PBXResourcesBuildPhase;
			buildActionMask = 2147483647;
			files = (
				B783C0E6123166FE005AA38B /* MainMenu.xib in Resources */,
				B783C0E91231670E005AA38B /* InfoPlist.strings in Resources */,
				B7D1D54B1226F53E00803D94 /* Moon.icns in Resources */,
				B750C5C012277BE500A18696 /* LICENSE in Resources */,
			);
			runOnlyForDeploymentPostprocessing = 0;
		};
		B783C05F123165BB005AA38B /* Resources */ = {
			isa = PBXResourcesBuildPhase;
			buildActionMask = 2147483647;
			files = (
				B783C1E012316845005AA38B /* InfoPlist.strings in Resources */,
				B783C1EE12316926005AA38B /* LICENSE in Resources */,
				B783C2001231695C005AA38B /* Blackout.app in Resources */,
				B7155DA81234A25A00A00429 /* Moon.icns in Resources */,
				B7155DB31234A33600A00429 /* MainMenu.xib in Resources */,
				B75D74B11235578600AED14E /* Localizable.strings in Resources */,
			);
			runOnlyForDeploymentPostprocessing = 0;
		};
/* End PBXResourcesBuildPhase section */

/* Begin PBXSourcesBuildPhase section */
		8D11072C0486CEB800E47090 /* Sources */ = {
			isa = PBXSourcesBuildPhase;
			buildActionMask = 2147483647;
			files = (
				8D11072D0486CEB800E47090 /* main.m in Sources */,
				256AC3DA0F4B6AC300CF3369 /* BOApplication.m in Sources */,
			);
			runOnlyForDeploymentPostprocessing = 0;
		};
		B783C060123165BB005AA38B /* Sources */ = {
			isa = PBXSourcesBuildPhase;
			buildActionMask = 2147483647;
			files = (
				B7155E2A1234A3BA00A00429 /* BOPreferencePane.m in Sources */,
			);
			runOnlyForDeploymentPostprocessing = 0;
		};
/* End PBXSourcesBuildPhase section */

/* Begin PBXTargetDependency section */
		B783C0691231662A005AA38B /* PBXTargetDependency */ = {
			isa = PBXTargetDependency;
			target = 8D1107260486CEB800E47090 /* Blackout Helper */;
			targetProxy = B783C0681231662A005AA38B /* PBXContainerItemProxy */;
		};
/* End PBXTargetDependency section */

/* Begin PBXVariantGroup section */
		B7155DB11234A33600A00429 /* MainMenu.xib */ = {
			isa = PBXVariantGroup;
			children = (
				B7155DB21234A33600A00429 /* English */,
			);
			name = MainMenu.xib;
			sourceTree = "<group>";
		};
		B75D74AF1235578600AED14E /* Localizable.strings */ = {
			isa = PBXVariantGroup;
			children = (
				B75D74B01235578600AED14E /* English */,
			);
			name = Localizable.strings;
			sourceTree = "<group>";
		};
		B783C0E4123166FE005AA38B /* MainMenu.xib */ = {
			isa = PBXVariantGroup;
			children = (
				B783C0E5123166FE005AA38B /* English */,
			);
			name = MainMenu.xib;
			sourceTree = "<group>";
		};
		B783C0E71231670E005AA38B /* InfoPlist.strings */ = {
			isa = PBXVariantGroup;
			children = (
				B783C0E81231670E005AA38B /* English */,
			);
			name = InfoPlist.strings;
			sourceTree = "<group>";
		};
		B783C1DF12316845005AA38B /* InfoPlist.strings */ = {
			isa = PBXVariantGroup;
			children = (
				B783C1DD12316841005AA38B /* English */,
			);
			name = InfoPlist.strings;
			sourceTree = "<group>";
		};
/* End PBXVariantGroup section */

/* Begin XCBuildConfiguration section */
		B783C065123165BB005AA38B /* Debug */ = {
			isa = XCBuildConfiguration;
			buildSettings = {
				ALWAYS_SEARCH_USER_PATHS = NO;
				ARCHS = "$(ARCHS_STANDARD_32_64_BIT)";
				COPY_PHASE_STRIP = NO;
				CURRENT_PROJECT_VERSION = 3;
				GCC_DYNAMIC_NO_PIC = NO;
				GCC_ENABLE_FIX_AND_CONTINUE = YES;
				GCC_ENABLE_OBJC_GC = supported;
				GCC_MODEL_TUNING = G5;
				GCC_OPTIMIZATION_LEVEL = 0;
				GCC_PRECOMPILE_PREFIX_HEADER = YES;
				GCC_PREFIX_HEADER = "$(SYSTEM_LIBRARY_DIR)/Frameworks/AppKit.framework/Headers/AppKit.h";
				GCC_VERSION = com.apple.compilers.llvm.clang.1_0;
				INFOPLIST_FILE = Prefpane/Resources/Info.plist;
				INSTALL_PATH = "$(HOME)/Library/PreferencePanes";
				ONLY_ACTIVE_ARCH = NO;
				OTHER_LDFLAGS = (
					"-framework",
					Foundation,
					"-framework",
					AppKit,
				);
				PREBINDING = NO;
				PRODUCT_NAME = Blackout;
				RUN_CLANG_STATIC_ANALYZER = YES;
				SDKROOT = macosx10.5;
				VERSIONING_SYSTEM = "apple-generic";
				WRAPPER_EXTENSION = prefPane;
			};
			name = Debug;
		};
		B783C066123165BB005AA38B /* Release */ = {
			isa = XCBuildConfiguration;
			buildSettings = {
				ALWAYS_SEARCH_USER_PATHS = NO;
				ARCHS = "$(ARCHS_STANDARD_32_64_BIT)";
				COPY_PHASE_STRIP = YES;
				CURRENT_PROJECT_VERSION = 3;
				DEBUG_INFORMATION_FORMAT = "dwarf-with-dsym";
				GCC_ENABLE_FIX_AND_CONTINUE = NO;
				GCC_ENABLE_OBJC_GC = supported;
				GCC_MODEL_TUNING = G5;
				GCC_PRECOMPILE_PREFIX_HEADER = YES;
				GCC_PREFIX_HEADER = "$(SYSTEM_LIBRARY_DIR)/Frameworks/AppKit.framework/Headers/AppKit.h";
				GCC_VERSION = com.apple.compilers.llvm.clang.1_0;
				INFOPLIST_FILE = Prefpane/Resources/Info.plist;
				INSTALL_PATH = /Library/PreferencePanes;
				ONLY_ACTIVE_ARCH = NO;
				OTHER_LDFLAGS = (
					"-framework",
					Foundation,
					"-framework",
					AppKit,
				);
				PREBINDING = NO;
				PRODUCT_NAME = Blackout;
				RUN_CLANG_STATIC_ANALYZER = YES;
				SDKROOT = macosx10.5;
				VERSIONING_SYSTEM = "apple-generic";
				WRAPPER_EXTENSION = prefPane;
				ZERO_LINK = NO;
			};
			name = Release;
		};
		C01FCF4B08A954540054247B /* Debug */ = {
			isa = XCBuildConfiguration;
			buildSettings = {
				ALWAYS_SEARCH_USER_PATHS = NO;
				ARCHS = "$(ARCHS_STANDARD_32_64_BIT)";
				COPY_PHASE_STRIP = NO;
				CURRENT_PROJECT_VERSION = 3;
				GCC_DYNAMIC_NO_PIC = NO;
				GCC_ENABLE_FIX_AND_CONTINUE = YES;
				GCC_ENABLE_OBJC_GC = supported;
				GCC_MODEL_TUNING = G5;
				GCC_OPTIMIZATION_LEVEL = 0;
				GCC_PRECOMPILE_PREFIX_HEADER = YES;
				GCC_PREFIX_HEADER = Helper/Source/Blackout.pch;
				GCC_VERSION = com.apple.compilers.llvm.clang.1_0;
				INFOPLIST_FILE = Helper/Resources/Info.plist;
				INSTALL_PATH = /Applications;
				ONLY_ACTIVE_ARCH = NO;
				PRODUCT_NAME = Blackout;
				RUN_CLANG_STATIC_ANALYZER = YES;
				SDKROOT = macosx10.5;
				VERSIONING_SYSTEM = "apple-generic";
			};
			name = Debug;
		};
		C01FCF4C08A954540054247B /* Release */ = {
			isa = XCBuildConfiguration;
			buildSettings = {
				ALWAYS_SEARCH_USER_PATHS = NO;
				ARCHS = "$(ARCHS_STANDARD_32_64_BIT)";
				CURRENT_PROJECT_VERSION = 3;
				DEBUG_INFORMATION_FORMAT = "dwarf-with-dsym";
				GCC_ENABLE_OBJC_GC = supported;
				GCC_MODEL_TUNING = G5;
				GCC_PRECOMPILE_PREFIX_HEADER = YES;
				GCC_PREFIX_HEADER = Helper/Source/Blackout.pch;
				GCC_VERSION = com.apple.compilers.llvm.clang.1_0;
				INFOPLIST_FILE = Helper/Resources/Info.plist;
				INSTALL_PATH = /Applications;
				ONLY_ACTIVE_ARCH = NO;
				PRODUCT_NAME = Blackout;
				RUN_CLANG_STATIC_ANALYZER = YES;
				SDKROOT = macosx10.5;
				VERSIONING_SYSTEM = "apple-generic";
			};
			name = Release;
		};
		C01FCF4F08A954540054247B /* Debug */ = {
			isa = XCBuildConfiguration;
			buildSettings = {
				ARCHS = "$(ARCHS_STANDARD_32_64_BIT)";
				GCC_C_LANGUAGE_STANDARD = gnu99;
				GCC_OPTIMIZATION_LEVEL = 0;
				GCC_WARN_ABOUT_RETURN_TYPE = YES;
				GCC_WARN_UNUSED_VARIABLE = YES;
				ONLY_ACTIVE_ARCH = YES;
				PREBINDING = NO;
				SDKROOT = macosx10.6;
			};
			name = Debug;
		};
		C01FCF5008A954540054247B /* Release */ = {
			isa = XCBuildConfiguration;
			buildSettings = {
				ARCHS = "$(ARCHS_STANDARD_32_64_BIT)";
				GCC_C_LANGUAGE_STANDARD = gnu99;
				GCC_WARN_ABOUT_RETURN_TYPE = YES;
				GCC_WARN_UNUSED_VARIABLE = YES;
				PREBINDING = NO;
				SDKROOT = macosx10.6;
			};
			name = Release;
		};
/* End XCBuildConfiguration section */

/* Begin XCConfigurationList section */
		B783C067123165BB005AA38B /* Build configuration list for PBXNativeTarget "Blackout" */ = {
			isa = XCConfigurationList;
			buildConfigurations = (
				B783C065123165BB005AA38B /* Debug */,
				B783C066123165BB005AA38B /* Release */,
			);
			defaultConfigurationIsVisible = 0;
			defaultConfigurationName = Release;
		};
		C01FCF4A08A954540054247B /* Build configuration list for PBXNativeTarget "Blackout Helper" */ = {
			isa = XCConfigurationList;
			buildConfigurations = (
				C01FCF4B08A954540054247B /* Debug */,
				C01FCF4C08A954540054247B /* Release */,
			);
			defaultConfigurationIsVisible = 0;
			defaultConfigurationName = Release;
		};
		C01FCF4E08A954540054247B /* Build configuration list for PBXProject "Blackout" */ = {
			isa = XCConfigurationList;
			buildConfigurations = (
				C01FCF4F08A954540054247B /* Debug */,
				C01FCF5008A954540054247B /* Release */,
			);
			defaultConfigurationIsVisible = 0;
			defaultConfigurationName = Release;
		};
/* End XCConfigurationList section */
	};
	rootObject = 29B97313FDCFA39411CA2CEA /* Project object */;
}
