// !$*UTF8*$!
{
	archiveVersion = 1;
	classes = {
	};
	objectVersion = 50;
	objects = {

/* Begin PBXBuildFile section */
		A23A9788221E07E4003389C7 /* BOLApplication.m in Sources */ = {isa = PBXBuildFile; fileRef = A23A9787221E07E4003389C7 /* BOLApplication.m */; };
		A23A978D221E07E6003389C7 /* MainMenu.xib in Resources */ = {isa = PBXBuildFile; fileRef = A23A978B221E07E6003389C7 /* MainMenu.xib */; };
		A23A9790221E07E6003389C7 /* main.m in Sources */ = {isa = PBXBuildFile; fileRef = A23A978F221E07E6003389C7 /* main.m */; };
		A23A979A221E09CA003389C7 /* Moon.icns in Resources */ = {isa = PBXBuildFile; fileRef = A23A9799221E09CA003389C7 /* Moon.icns */; };
		A23A97A6221E0BDC003389C7 /* Cocoa.framework in Frameworks */ = {isa = PBXBuildFile; fileRef = A23A97A5221E0BDC003389C7 /* Cocoa.framework */; };
		A23A97A9221E0C74003389C7 /* InfoPlist.strings in Resources */ = {isa = PBXBuildFile; fileRef = A23A97A7221E0C74003389C7 /* InfoPlist.strings */; };
/* End PBXBuildFile section */

/* Begin PBXFileReference section */
		A23A9783221E07E4003389C7 /* BlackoutLauncher.app */ = {isa = PBXFileReference; explicitFileType = wrapper.application; includeInIndex = 0; path = BlackoutLauncher.app; sourceTree = BUILT_PRODUCTS_DIR; };
		A23A9786221E07E4003389C7 /* BOLApplication.h */ = {isa = PBXFileReference; lastKnownFileType = sourcecode.c.h; name = BOLApplication.h; path = Source/BOLApplication.h; sourceTree = SOURCE_ROOT; };
		A23A9787221E07E4003389C7 /* BOLApplication.m */ = {isa = PBXFileReference; lastKnownFileType = sourcecode.c.objc; name = BOLApplication.m; path = Source/BOLApplication.m; sourceTree = SOURCE_ROOT; };
		A23A978E221E07E6003389C7 /* Info.plist */ = {isa = PBXFileReference; lastKnownFileType = text.plist.xml; path = Info.plist; sourceTree = "<group>"; };
		A23A978F221E07E6003389C7 /* main.m */ = {isa = PBXFileReference; lastKnownFileType = sourcecode.c.objc; path = main.m; sourceTree = "<group>"; };
		A23A9799221E09CA003389C7 /* Moon.icns */ = {isa = PBXFileReference; lastKnownFileType = image.icns; path = Moon.icns; sourceTree = "<group>"; };
		A23A97A5221E0BDC003389C7 /* Cocoa.framework */ = {isa = PBXFileReference; lastKnownFileType = wrapper.framework; name = Cocoa.framework; path = System/Library/Frameworks/Cocoa.framework; sourceTree = SDKROOT; };
		A23A97A8221E0C74003389C7 /* en */ = {isa = PBXFileReference; lastKnownFileType = text.plist.strings; name = en; path = en.lproj/InfoPlist.strings; sourceTree = "<group>"; };
		B72643EF2517D5A800B108DA /* Base */ = {isa = PBXFileReference; lastKnownFileType = file.xib; name = Base; path = Base.lproj/MainMenu.xib; sourceTree = "<group>"; };
/* End PBXFileReference section */

/* Begin PBXFrameworksBuildPhase section */
		A23A9780221E07E4003389C7 /* Frameworks */ = {
			isa = PBXFrameworksBuildPhase;
			buildActionMask = 2147483647;
			files = (
				A23A97A6221E0BDC003389C7 /* Cocoa.framework in Frameworks */,
			);
			runOnlyForDeploymentPostprocessing = 0;
		};
/* End PBXFrameworksBuildPhase section */

/* Begin PBXGroup section */
		A23A977A221E07E3003389C7 = {
			isa = PBXGroup;
			children = (
				A23A9786221E07E4003389C7 /* BOLApplication.h */,
				A23A9787221E07E4003389C7 /* BOLApplication.m */,
				A23A9798221E08D9003389C7 /* Resources */,
				A23A9797221E08B5003389C7 /* Other Sources */,
				A23A97A4221E0BDC003389C7 /* Frameworks */,
				A23A9784221E07E4003389C7 /* Products */,
			);
			sourceTree = "<group>";
		};
		A23A9784221E07E4003389C7 /* Products */ = {
			isa = PBXGroup;
			children = (
				A23A9783221E07E4003389C7 /* BlackoutLauncher.app */,
			);
			name = Products;
			sourceTree = "<group>";
		};
		A23A9797221E08B5003389C7 /* Other Sources */ = {
			isa = PBXGroup;
			children = (
				A23A978F221E07E6003389C7 /* main.m */,
			);
			name = "Other Sources";
			path = Source;
			sourceTree = SOURCE_ROOT;
		};
		A23A9798221E08D9003389C7 /* Resources */ = {
			isa = PBXGroup;
			children = (
				A23A978E221E07E6003389C7 /* Info.plist */,
				A23A97A7221E0C74003389C7 /* InfoPlist.strings */,
				A23A978B221E07E6003389C7 /* MainMenu.xib */,
				A23A9799221E09CA003389C7 /* Moon.icns */,
			);
			path = Resources;
			sourceTree = SOURCE_ROOT;
		};
		A23A97A4221E0BDC003389C7 /* Frameworks */ = {
			isa = PBXGroup;
			children = (
				A23A97A5221E0BDC003389C7 /* Cocoa.framework */,
			);
			name = Frameworks;
			sourceTree = "<group>";
		};
/* End PBXGroup section */

/* Begin PBXNativeTarget section */
		A23A9782221E07E4003389C7 /* BlackoutLauncher */ = {
			isa = PBXNativeTarget;
			buildConfigurationList = A23A9794221E07E6003389C7 /* Build configuration list for PBXNativeTarget "BlackoutLauncher" */;
			buildPhases = (
				A23A977F221E07E4003389C7 /* Sources */,
				A23A9780221E07E4003389C7 /* Frameworks */,
				A23A9781221E07E4003389C7 /* Resources */,
			);
			buildRules = (
			);
			dependencies = (
			);
			name = BlackoutLauncher;
			productName = BlackoutLauncher;
			productReference = A23A9783221E07E4003389C7 /* BlackoutLauncher.app */;
			productType = "com.apple.product-type.application";
		};
/* End PBXNativeTarget section */

/* Begin PBXProject section */
		A23A977B221E07E4003389C7 /* Project object */ = {
			isa = PBXProject;
			attributes = {
				CLASSPREFIX = BOL;
				LastUpgradeCheck = 1010;
				ORGANIZATIONNAME = "Michael Dippery";
				TargetAttributes = {
					A23A9782221E07E4003389C7 = {
						CreatedOnToolsVersion = 10.1;
					};
				};
			};
			buildConfigurationList = A23A977E221E07E4003389C7 /* Build configuration list for PBXProject "BlackoutLauncher" */;
			compatibilityVersion = "Xcode 9.3";
			developmentRegion = en;
			hasScannedForEncodings = 0;
			knownRegions = (
				en,
				Base,
			);
			mainGroup = A23A977A221E07E3003389C7;
			productRefGroup = A23A9784221E07E4003389C7 /* Products */;
			projectDirPath = "";
			projectRoot = "";
			targets = (
				A23A9782221E07E4003389C7 /* BlackoutLauncher */,
			);
		};
/* End PBXProject section */

/* Begin PBXResourcesBuildPhase section */
		A23A9781221E07E4003389C7 /* Resources */ = {
			isa = PBXResourcesBuildPhase;
			buildActionMask = 2147483647;
			files = (
				A23A978D221E07E6003389C7 /* MainMenu.xib in Resources */,
				A23A97A9221E0C74003389C7 /* InfoPlist.strings in Resources */,
				A23A979A221E09CA003389C7 /* Moon.icns in Resources */,
			);
			runOnlyForDeploymentPostprocessing = 0;
		};
/* End PBXResourcesBuildPhase section */

/* Begin PBXSourcesBuildPhase section */
		A23A977F221E07E4003389C7 /* Sources */ = {
			isa = PBXSourcesBuildPhase;
			buildActionMask = 2147483647;
			files = (
				A23A9790221E07E6003389C7 /* main.m in Sources */,
				A23A9788221E07E4003389C7 /* BOLApplication.m in Sources */,
			);
			runOnlyForDeploymentPostprocessing = 0;
		};
/* End PBXSourcesBuildPhase section */

/* Begin PBXVariantGroup section */
		A23A978B221E07E6003389C7 /* MainMenu.xib */ = {
			isa = PBXVariantGroup;
			children = (
				B72643EF2517D5A800B108DA /* Base */,
			);
			name = MainMenu.xib;
			sourceTree = "<group>";
		};
		A23A97A7221E0C74003389C7 /* InfoPlist.strings */ = {
			isa = PBXVariantGroup;
			children = (
				A23A97A8221E0C74003389C7 /* en */,
			);
			name = InfoPlist.strings;
			sourceTree = "<group>";
		};
/* End PBXVariantGroup section */

/* Begin XCBuildConfiguration section */
		A23A9792221E07E6003389C7 /* Debug */ = {
			isa = XCBuildConfiguration;
			buildSettings = {
				ALWAYS_SEARCH_USER_PATHS = NO;
				CLANG_ANALYZER_NONNULL = YES;
				CLANG_ANALYZER_NUMBER_OBJECT_CONVERSION = YES_AGGRESSIVE;
				CLANG_CXX_LANGUAGE_STANDARD = "gnu++14";
				CLANG_CXX_LIBRARY = "libc++";
				CLANG_ENABLE_MODULES = YES;
				CLANG_ENABLE_OBJC_ARC = YES;
				CLANG_ENABLE_OBJC_WEAK = YES;
				CLANG_WARN_BLOCK_CAPTURE_AUTORELEASING = YES;
				CLANG_WARN_BOOL_CONVERSION = YES;
				CLANG_WARN_COMMA = YES;
				CLANG_WARN_CONSTANT_CONVERSION = YES;
				CLANG_WARN_DEPRECATED_OBJC_IMPLEMENTATIONS = YES;
				CLANG_WARN_DIRECT_OBJC_ISA_USAGE = YES_ERROR;
				CLANG_WARN_DOCUMENTATION_COMMENTS = YES;
				CLANG_WARN_EMPTY_BODY = YES;
				CLANG_WARN_ENUM_CONVERSION = YES;
				CLANG_WARN_INFINITE_RECURSION = YES;
				CLANG_WARN_INT_CONVERSION = YES;
				CLANG_WARN_NON_LITERAL_NULL_CONVERSION = YES;
				CLANG_WARN_OBJC_IMPLICIT_RETAIN_SELF = YES;
				CLANG_WARN_OBJC_LITERAL_CONVERSION = YES;
				CLANG_WARN_OBJC_ROOT_CLASS = YES_ERROR;
				CLANG_WARN_RANGE_LOOP_ANALYSIS = YES;
				CLANG_WARN_STRICT_PROTOTYPES = YES;
				CLANG_WARN_SUSPICIOUS_MOVE = YES;
				CLANG_WARN_UNGUARDED_AVAILABILITY = YES_AGGRESSIVE;
				CLANG_WARN_UNREACHABLE_CODE = YES;
				CLANG_WARN__DUPLICATE_METHOD_MATCH = YES;
				CODE_SIGN_IDENTITY = "-";
				COPY_PHASE_STRIP = NO;
				DEBUG_INFORMATION_FORMAT = dwarf;
				ENABLE_STRICT_OBJC_MSGSEND = YES;
				ENABLE_TESTABILITY = YES;
				GCC_C_LANGUAGE_STANDARD = gnu11;
				GCC_DYNAMIC_NO_PIC = NO;
				GCC_NO_COMMON_BLOCKS = YES;
				GCC_OPTIMIZATION_LEVEL = 0;
				GCC_PREPROCESSOR_DEFINITIONS = (
					"DEBUG=1",
					"$(inherited)",
				);
				GCC_WARN_64_TO_32_BIT_CONVERSION = YES;
				GCC_WARN_ABOUT_RETURN_TYPE = YES_ERROR;
				GCC_WARN_UNDECLARED_SELECTOR = YES;
				GCC_WARN_UNINITIALIZED_AUTOS = YES_AGGRESSIVE;
				GCC_WARN_UNUSED_FUNCTION = YES;
				GCC_WARN_UNUSED_VARIABLE = YES;
				MACOSX_DEPLOYMENT_TARGET = 10.14;
				MTL_ENABLE_DEBUG_INFO = INCLUDE_SOURCE;
				MTL_FAST_MATH = YES;
				ONLY_ACTIVE_ARCH = YES;
				SDKROOT = macosx;
			};
			name = Debug;
		};
		A23A9793221E07E6003389C7 /* Release */ = {
			isa = XCBuildConfiguration;
			buildSettings = {
				ALWAYS_SEARCH_USER_PATHS = NO;
				CLANG_ANALYZER_NONNULL = YES;
				CLANG_ANALYZER_NUMBER_OBJECT_CONVERSION = YES_AGGRESSIVE;
				CLANG_CXX_LANGUAGE_STANDARD = "gnu++14";
				CLANG_CXX_LIBRARY = "libc++";
				CLANG_ENABLE_MODULES = YES;
				CLANG_ENABLE_OBJC_ARC = YES;
				CLANG_ENABLE_OBJC_WEAK = YES;
				CLANG_WARN_BLOCK_CAPTURE_AUTORELEASING = YES;
				CLANG_WARN_BOOL_CONVERSION = YES;
				CLANG_WARN_COMMA = YES;
				CLANG_WARN_CONSTANT_CONVERSION = YES;
				CLANG_WARN_DEPRECATED_OBJC_IMPLEMENTATIONS = YES;
				CLANG_WARN_DIRECT_OBJC_ISA_USAGE = YES_ERROR;
				CLANG_WARN_DOCUMENTATION_COMMENTS = YES;
				CLANG_WARN_EMPTY_BODY = YES;
				CLANG_WARN_ENUM_CONVERSION = YES;
				CLANG_WARN_INFINITE_RECURSION = YES;
				CLANG_WARN_INT_CONVERSION = YES;
				CLANG_WARN_NON_LITERAL_NULL_CONVERSION = YES;
				CLANG_WARN_OBJC_IMPLICIT_RETAIN_SELF = YES;
				CLANG_WARN_OBJC_LITERAL_CONVERSION = YES;
				CLANG_WARN_OBJC_ROOT_CLASS = YES_ERROR;
				CLANG_WARN_RANGE_LOOP_ANALYSIS = YES;
				CLANG_WARN_STRICT_PROTOTYPES = YES;
				CLANG_WARN_SUSPICIOUS_MOVE = YES;
				CLANG_WARN_UNGUARDED_AVAILABILITY = YES_AGGRESSIVE;
				CLANG_WARN_UNREACHABLE_CODE = YES;
				CLANG_WARN__DUPLICATE_METHOD_MATCH = YES;
				CODE_SIGN_IDENTITY = "-";
				COPY_PHASE_STRIP = NO;
				DEBUG_INFORMATION_FORMAT = "dwarf-with-dsym";
				ENABLE_NS_ASSERTIONS = NO;
				ENABLE_STRICT_OBJC_MSGSEND = YES;
				GCC_C_LANGUAGE_STANDARD = gnu11;
				GCC_NO_COMMON_BLOCKS = YES;
				GCC_WARN_64_TO_32_BIT_CONVERSION = YES;
				GCC_WARN_ABOUT_RETURN_TYPE = YES_ERROR;
				GCC_WARN_UNDECLARED_SELECTOR = YES;
				GCC_WARN_UNINITIALIZED_AUTOS = YES_AGGRESSIVE;
				GCC_WARN_UNUSED_FUNCTION = YES;
				GCC_WARN_UNUSED_VARIABLE = YES;
				MACOSX_DEPLOYMENT_TARGET = 10.14;
				MTL_ENABLE_DEBUG_INFO = NO;
				MTL_FAST_MATH = YES;
				SDKROOT = macosx;
			};
			name = Release;
		};
		A23A9795221E07E6003389C7 /* Debug */ = {
			isa = XCBuildConfiguration;
			buildSettings = {
				CLANG_ENABLE_OBJC_WEAK = NO;
				CODE_SIGN_STYLE = Manual;
				COMBINE_HIDPI_IMAGES = YES;
				DEVELOPMENT_TEAM = "";
				INFOPLIST_FILE = Resources/Info.plist;
				LD_RUNPATH_SEARCH_PATHS = (
					"$(inherited)",
					"@executable_path/../Frameworks",
				);
				MACOSX_DEPLOYMENT_TARGET = 10.8;
				PRODUCT_BUNDLE_IDENTIFIER = com.mipadi.BlackoutLauncher;
				PRODUCT_NAME = "$(TARGET_NAME)";
				PROVISIONING_PROFILE_SPECIFIER = "";
				SKIP_INSTALL = YES;
			};
			name = Debug;
		};
		A23A9796221E07E6003389C7 /* Release */ = {
			isa = XCBuildConfiguration;
			buildSettings = {
				CLANG_ENABLE_OBJC_WEAK = NO;
				CODE_SIGN_STYLE = Manual;
				COMBINE_HIDPI_IMAGES = YES;
				DEVELOPMENT_TEAM = "";
				INFOPLIST_FILE = Resources/Info.plist;
				LD_RUNPATH_SEARCH_PATHS = (
					"$(inherited)",
					"@executable_path/../Frameworks",
				);
				MACOSX_DEPLOYMENT_TARGET = 10.8;
				PRODUCT_BUNDLE_IDENTIFIER = com.mipadi.BlackoutLauncher;
				PRODUCT_NAME = "$(TARGET_NAME)";
				PROVISIONING_PROFILE_SPECIFIER = "";
				SKIP_INSTALL = YES;
			};
			name = Release;
		};
/* End XCBuildConfiguration section */

/* Begin XCConfigurationList section */
		A23A977E221E07E4003389C7 /* Build configuration list for PBXProject "BlackoutLauncher" */ = {
			isa = XCConfigurationList;
			buildConfigurations = (
				A23A9792221E07E6003389C7 /* Debug */,
				A23A9793221E07E6003389C7 /* Release */,
			);
			defaultConfigurationIsVisible = 0;
			defaultConfigurationName = Release;
		};
		A23A9794221E07E6003389C7 /* Build configuration list for PBXNativeTarget "BlackoutLauncher" */ = {
			isa = XCConfigurationList;
			buildConfigurations = (
				A23A9795221E07E6003389C7 /* Debug */,
				A23A9796221E07E6003389C7 /* Release */,
			);
			defaultConfigurationIsVisible = 0;
			defaultConfigurationName = Release;
		};
/* End XCConfigurationList section */
	};
	rootObject = A23A977B221E07E4003389C7 /* Project object */;
}
